
Microsoft Visual Studio Solution File, Format Version 12.00
# Visual Studio Version 16
VisualStudioVersion = 16.0.29001.49
MinimumVisualStudioVersion = 10.0.40219.1
Project("{FAE04EC0-301F-11D3-BF4B-00C04F79EFBC}") = "Appliance2", "Appliance2.csproj", "{8D31DC78-C3AF-4AE2-8034-9406808C51B1}"
EndProject
Project("{FAE04EC0-301F-11D3-BF4B-00C04F79EFBC}") = "Appliance3", "..\Appliance3\Appliance3.csproj", "{233A1CF0-6085-423E-B33C-57221DBF829B}"
EndProject
Global
	GlobalSection(SolutionConfigurationPlatforms) = preSolution
		Debug|Any CPU = Debug|Any CPU
		Release|Any CPU = Release|Any CPU
	EndGlobalSection
	GlobalSection(ProjectConfigurationPlatforms) = postSolution
		{8D31DC78-C3AF-4AE2-8034-9406808C51B1}.Debug|Any CPU.ActiveCfg = Debug|Any CPU
		{8D31DC78-C3AF-4AE2-8034-9406808C51B1}.Debug|Any CPU.Build.0 = Debug|Any CPU
		{8D31DC78-C3AF-4AE2-8034-9406808C51B1}.Release|Any CPU.ActiveCfg = Release|Any CPU
		{8D31DC78-C3AF-4AE2-8034-9406808C51B1}.Release|Any CPU.Build.0 = Release|Any CPU
		{233A1CF0-6085-423E-B33C-57221DBF829B}.Debug|Any CPU.ActiveCfg = Debug|Any CPU
		{233A1CF0-6085-423E-B33C-57221DBF829B}.Debug|Any CPU.Build.0 = Debug|Any CPU
		{233A1CF0-6085-423E-B33C-57221DBF829B}.Release|Any CPU.ActiveCfg = Release|Any CPU
		{233A1CF0-6085-423E-B33C-57221DBF829B}.Release|Any CPU.Build.0 = Release|Any CPU
	EndGlobalSection
	GlobalSection(SolutionProperties) = preSolution
		HideSolutionNode = FALSE
	EndGlobalSection
	GlobalSection(ExtensibilityGlobals) = postSolution
		SolutionGuid = {7DAC3641-65B5-4FA6-A966-2AEC9E02BEA4}
	EndGlobalSection
EndGlobal
